{
  "requires": true,
  "lockfileVersion": 1,
  "dependencies": {
    "mkdirp": {
      "version": "1.0.4",
      "resolved": "https://registry.npmjs.org/mkdirp/-/mkdirp-1.0.4.tgz",
      "integrity": "sha512-vVqVZQyf3WLx2Shd0qJ9xuvqgAyKPLAiqITEtqW0oIUjzo3PePDd6fW9iFz30ef7Ysp/oiWqbhszeGWW2T6Gzw=="
    },
    "nbt": {
      "version": "0.8.1",
      "resolved": "https://registry.npmjs.org/nbt/-/nbt-0.8.1.tgz",
      "integrity": "sha512-jUNuLo/SM8vA7uW3pudnXgCOqd2187Vw9jSeyByKJCyGfxW9VIglKcSlBn8pfb/eS95Suv7eyDxvWGSNOK0dMw=="
    },
    "zlib": {
      "version": "1.0.5",
      "resolved": "https://registry.npmjs.org/zlib/-/zlib-1.0.5.tgz",
      "integrity": "sha1-bnyXL8NxxkWmr7A6sUdp3vEU/MA="
    }
  }
}
